{
  "version": 4,
  "terraform_version": "1.6.4",
  "serial": 160,
  "lineage": "7ac74279-c593-827f-bb3f-65778dfec76f",
  "outputs": {},
  "resources": [
    {
      "module": "module.App-Server",
      "mode": "managed",
      "type": "aws_instance",
      "name": "lighting_app_server",
      "provider": "provider[\"registry.terraform.io/hashicorp/aws\"]",
      "instances": [
        {
          "index_key": 0,
          "schema_version": 1,
          "attributes": {
            "ami": "ami-0505148b3591e4c07",
            "arn": "arn:aws:ec2:eu-west-2:032970107781:instance/i-06a6fa73e7be1ba8b",
            "associate_public_ip_address": true,
            "availability_zone": "eu-west-2a",
            "capacity_reservation_specification": [
              {
                "capacity_reservation_preference": "open",
                "capacity_reservation_target": []
              }
            ],
            "cpu_core_count": 1,
            "cpu_options": [
              {
                "amd_sev_snp": "",
                "core_count": 1,
                "threads_per_core": 1
              }
            ],
            "cpu_threads_per_core": 1,
            "credit_specification": [
              {
                "cpu_credits": "standard"
              }
            ],
            "disable_api_stop": false,
            "disable_api_termination": false,
            "ebs_block_device": [],
            "ebs_optimized": false,
            "enclave_options": [
              {
                "enabled": false
              }
            ],
            "ephemeral_block_device": [],
            "get_password_data": false,
            "hibernation": false,
            "host_id": "",
            "host_resource_group_arn": null,
            "iam_instance_profile": "",
            "id": "i-06a6fa73e7be1ba8b",
            "instance_initiated_shutdown_behavior": "stop",
            "instance_lifecycle": "",
            "instance_market_options": [],
            "instance_state": "running",
            "instance_type": "t2.micro",
            "ipv6_address_count": 0,
            "ipv6_addresses": [],
            "key_name": "project-key",
            "launch_template": [],
            "maintenance_options": [
              {
                "auto_recovery": "default"
              }
            ],
            "metadata_options": [
              {
                "http_endpoint": "enabled",
                "http_protocol_ipv6": "disabled",
                "http_put_response_hop_limit": 1,
                "http_tokens": "optional",
                "instance_metadata_tags": "disabled"
              }
            ],
            "monitoring": false,
            "network_interface": [],
            "outpost_arn": "",
            "password_data": "",
            "placement_group": "",
            "placement_partition_number": 0,
            "primary_network_interface_id": "eni-0055ed70d7a31a483",
            "private_dns": "ip-10-0-7-135.eu-west-2.compute.internal",
            "private_dns_name_options": [
              {
                "enable_resource_name_dns_a_record": false,
                "enable_resource_name_dns_aaaa_record": false,
                "hostname_type": "ip-name"
              }
            ],
            "private_ip": "10.0.7.135",
            "public_dns": "ec2-13-43-216-237.eu-west-2.compute.amazonaws.com",
            "public_ip": "13.43.216.237",
            "root_block_device": [
              {
                "delete_on_termination": true,
                "device_name": "/dev/sda1",
                "encrypted": false,
                "iops": 100,
                "kms_key_id": "",
                "tags": {},
                "throughput": 0,
                "volume_id": "vol-0e77af0246eefa834",
                "volume_size": 8,
                "volume_type": "gp2"
              }
            ],
            "secondary_private_ips": [],
            "security_groups": [],
            "source_dest_check": true,
            "spot_instance_request_id": "",
            "subnet_id": "subnet-0bb7b92f96ca2a294",
            "tags": {
              "Name": "Lighting App Server0"
            },
            "tags_all": {
              "Name": "Lighting App Server0"
            },
            "tenancy": "default",
            "timeouts": null,
            "user_data": null,
            "user_data_base64": null,
            "user_data_replace_on_change": false,
            "volume_tags": null,
            "vpc_security_group_ids": [
              "sg-04e62994d0f88e4c0"
            ]
          },
          "sensitive_attributes": [],
          "private": "eyJlMmJmYjczMC1lY2FhLTExZTYtOGY4OC0zNDM2M2JjN2M0YzAiOnsiY3JlYXRlIjo2MDAwMDAwMDAwMDAsImRlbGV0ZSI6MTIwMDAwMDAwMDAwMCwidXBkYXRlIjo2MDAwMDAwMDAwMDB9LCJzY2hlbWFfdmVyc2lvbiI6IjEifQ==",
          "dependencies": [
            "module.Networking.aws_subnet.public_subnets",
            "module.Networking.aws_vpc.tf_project",
            "module.Security.aws_security_group.app_server"
          ]
        }
      ]
    },
    {
      "module": "module.Networking",
      "mode": "managed",
      "type": "aws_internet_gateway",
      "name": "igw",
      "provider": "provider[\"registry.terraform.io/hashicorp/aws\"]",
      "instances": [
        {
          "schema_version": 0,
          "attributes": {
            "arn": "arn:aws:ec2:eu-west-2:032970107781:internet-gateway/igw-0487db086c15d28ab",
            "id": "igw-0487db086c15d28ab",
            "owner_id": "032970107781",
            "tags": {
              "Name": "TF-Project igw"
            },
            "tags_all": {
              "Name": "TF-Project igw"
            },
            "timeouts": null,
            "vpc_id": "vpc-02d7e673408f98520"
          },
          "sensitive_attributes": [],
          "private": "eyJlMmJmYjczMC1lY2FhLTExZTYtOGY4OC0zNDM2M2JjN2M0YzAiOnsiY3JlYXRlIjoxMjAwMDAwMDAwMDAwLCJkZWxldGUiOjEyMDAwMDAwMDAwMDAsInVwZGF0ZSI6MTIwMDAwMDAwMDAwMH19",
          "dependencies": [
            "module.Networking.aws_vpc.tf_project"
          ]
        }
      ]
    },
    {
      "module": "module.Networking",
      "mode": "managed",
      "type": "aws_route",
      "name": "public_internet_gateway",
      "provider": "provider[\"registry.terraform.io/hashicorp/aws\"]",
      "instances": [
        {
          "schema_version": 0,
          "attributes": {
            "carrier_gateway_id": "",
            "core_network_arn": "",
            "destination_cidr_block": "0.0.0.0/0",
            "destination_ipv6_cidr_block": "",
            "destination_prefix_list_id": "",
            "egress_only_gateway_id": "",
            "gateway_id": "igw-0487db086c15d28ab",
            "id": "r-rtb-052d08a787aea292d1080289494",
            "instance_id": "",
            "instance_owner_id": "",
            "local_gateway_id": "",
            "nat_gateway_id": "",
            "network_interface_id": "",
            "origin": "CreateRoute",
            "route_table_id": "rtb-052d08a787aea292d",
            "state": "active",
            "timeouts": null,
            "transit_gateway_id": "",
            "vpc_endpoint_id": "",
            "vpc_peering_connection_id": ""
          },
          "sensitive_attributes": [],
          "private": "eyJlMmJmYjczMC1lY2FhLTExZTYtOGY4OC0zNDM2M2JjN2M0YzAiOnsiY3JlYXRlIjozMDAwMDAwMDAwMDAsImRlbGV0ZSI6MzAwMDAwMDAwMDAwLCJ1cGRhdGUiOjEyMDAwMDAwMDAwMH19",
          "dependencies": [
            "module.Networking.aws_internet_gateway.igw",
            "module.Networking.aws_route_table.Public_table",
            "module.Networking.aws_vpc.tf_project"
          ]
        }
      ]
    },
    {
      "module": "module.Networking",
      "mode": "managed",
      "type": "aws_route_table",
      "name": "Public_table",
      "provider": "provider[\"registry.terraform.io/hashicorp/aws\"]",
      "instances": [
        {
          "schema_version": 0,
          "attributes": {
            "arn": "arn:aws:ec2:eu-west-2:032970107781:route-table/rtb-052d08a787aea292d",
            "id": "rtb-052d08a787aea292d",
            "owner_id": "032970107781",
            "propagating_vgws": [],
            "route": [
              {
                "carrier_gateway_id": "",
                "cidr_block": "0.0.0.0/0",
                "core_network_arn": "",
                "destination_prefix_list_id": "",
                "egress_only_gateway_id": "",
                "gateway_id": "igw-0487db086c15d28ab",
                "ipv6_cidr_block": "",
                "local_gateway_id": "",
                "nat_gateway_id": "",
                "network_interface_id": "",
                "transit_gateway_id": "",
                "vpc_endpoint_id": "",
                "vpc_peering_connection_id": ""
              }
            ],
            "tags": {
              "Name": "TF-Project Public table"
            },
            "tags_all": {
              "Name": "TF-Project Public table"
            },
            "timeouts": null,
            "vpc_id": "vpc-02d7e673408f98520"
          },
          "sensitive_attributes": [],
          "private": "eyJlMmJmYjczMC1lY2FhLTExZTYtOGY4OC0zNDM2M2JjN2M0YzAiOnsiY3JlYXRlIjozMDAwMDAwMDAwMDAsImRlbGV0ZSI6MzAwMDAwMDAwMDAwLCJ1cGRhdGUiOjEyMDAwMDAwMDAwMH19",
          "dependencies": [
            "module.Networking.aws_vpc.tf_project"
          ]
        }
      ]
    },
    {
      "module": "module.Networking",
      "mode": "managed",
      "type": "aws_route_table_association",
      "name": "public",
      "provider": "provider[\"registry.terraform.io/hashicorp/aws\"]",
      "instances": [
        {
          "index_key": 0,
          "schema_version": 0,
          "attributes": {
            "gateway_id": "",
            "id": "rtbassoc-05d69dfb03d87352b",
            "route_table_id": "rtb-052d08a787aea292d",
            "subnet_id": "subnet-0bb7b92f96ca2a294",
            "timeouts": null
          },
          "sensitive_attributes": [],
          "private": "eyJlMmJmYjczMC1lY2FhLTExZTYtOGY4OC0zNDM2M2JjN2M0YzAiOnsiY3JlYXRlIjozMDAwMDAwMDAwMDAsImRlbGV0ZSI6MzAwMDAwMDAwMDAwLCJ1cGRhdGUiOjEyMDAwMDAwMDAwMH19",
          "dependencies": [
            "module.Networking.aws_route_table.Public_table",
            "module.Networking.aws_subnet.public_subnets",
            "module.Networking.aws_vpc.tf_project"
          ]
        },
        {
          "index_key": 1,
          "schema_version": 0,
          "attributes": {
            "gateway_id": "",
            "id": "rtbassoc-0a54c27475594a44d",
            "route_table_id": "rtb-052d08a787aea292d",
            "subnet_id": "subnet-091db478e5e417cc5",
            "timeouts": null
          },
          "sensitive_attributes": [],
          "private": "eyJlMmJmYjczMC1lY2FhLTExZTYtOGY4OC0zNDM2M2JjN2M0YzAiOnsiY3JlYXRlIjozMDAwMDAwMDAwMDAsImRlbGV0ZSI6MzAwMDAwMDAwMDAwLCJ1cGRhdGUiOjEyMDAwMDAwMDAwMH19",
          "dependencies": [
            "module.Networking.aws_route_table.Public_table",
            "module.Networking.aws_subnet.public_subnets",
            "module.Networking.aws_vpc.tf_project"
          ]
        },
        {
          "index_key": 2,
          "schema_version": 0,
          "attributes": {
            "gateway_id": "",
            "id": "rtbassoc-0ccd1d20ce882a4a7",
            "route_table_id": "rtb-052d08a787aea292d",
            "subnet_id": "subnet-015bdf5c6fb3a4e33",
            "timeouts": null
          },
          "sensitive_attributes": [],
          "private": "eyJlMmJmYjczMC1lY2FhLTExZTYtOGY4OC0zNDM2M2JjN2M0YzAiOnsiY3JlYXRlIjozMDAwMDAwMDAwMDAsImRlbGV0ZSI6MzAwMDAwMDAwMDAwLCJ1cGRhdGUiOjEyMDAwMDAwMDAwMH19",
          "dependencies": [
            "module.Networking.aws_route_table.Public_table",
            "module.Networking.aws_subnet.public_subnets",
            "module.Networking.aws_vpc.tf_project"
          ]
        }
      ]
    },
    {
      "module": "module.Networking",
      "mode": "managed",
      "type": "aws_subnet",
      "name": "private_subnets",
      "provider": "provider[\"registry.terraform.io/hashicorp/aws\"]",
      "instances": [
        {
          "index_key": 0,
          "schema_version": 1,
          "attributes": {
            "arn": "arn:aws:ec2:eu-west-2:032970107781:subnet/subnet-0d28cf011cb0b52a7",
            "assign_ipv6_address_on_creation": false,
            "availability_zone": "eu-west-2a",
            "availability_zone_id": "euw2-az2",
            "cidr_block": "10.0.10.0/24",
            "customer_owned_ipv4_pool": "",
            "enable_dns64": false,
            "enable_lni_at_device_index": 0,
            "enable_resource_name_dns_a_record_on_launch": false,
            "enable_resource_name_dns_aaaa_record_on_launch": false,
            "id": "subnet-0d28cf011cb0b52a7",
            "ipv6_cidr_block": "",
            "ipv6_cidr_block_association_id": "",
            "ipv6_native": false,
            "map_customer_owned_ip_on_launch": false,
            "map_public_ip_on_launch": false,
            "outpost_arn": "",
            "owner_id": "032970107781",
            "private_dns_hostname_type_on_launch": "ip-name",
            "tags": {
              "Name": "TF-Project private-eu-west-2a"
            },
            "tags_all": {
              "Name": "TF-Project private-eu-west-2a"
            },
            "timeouts": null,
            "vpc_id": "vpc-02d7e673408f98520"
          },
          "sensitive_attributes": [],
          "private": "eyJlMmJmYjczMC1lY2FhLTExZTYtOGY4OC0zNDM2M2JjN2M0YzAiOnsiY3JlYXRlIjo2MDAwMDAwMDAwMDAsImRlbGV0ZSI6MTIwMDAwMDAwMDAwMH0sInNjaGVtYV92ZXJzaW9uIjoiMSJ9",
          "dependencies": [
            "module.Networking.aws_vpc.tf_project"
          ]
        },
        {
          "index_key": 1,
          "schema_version": 1,
          "attributes": {
            "arn": "arn:aws:ec2:eu-west-2:032970107781:subnet/subnet-0760324b73caf415e",
            "assign_ipv6_address_on_creation": false,
            "availability_zone": "eu-west-2b",
            "availability_zone_id": "euw2-az3",
            "cidr_block": "10.0.11.0/24",
            "customer_owned_ipv4_pool": "",
            "enable_dns64": false,
            "enable_lni_at_device_index": 0,
            "enable_resource_name_dns_a_record_on_launch": false,
            "enable_resource_name_dns_aaaa_record_on_launch": false,
            "id": "subnet-0760324b73caf415e",
            "ipv6_cidr_block": "",
            "ipv6_cidr_block_association_id": "",
            "ipv6_native": false,
            "map_customer_owned_ip_on_launch": false,
            "map_public_ip_on_launch": false,
            "outpost_arn": "",
            "owner_id": "032970107781",
            "private_dns_hostname_type_on_launch": "ip-name",
            "tags": {
              "Name": "TF-Project private-eu-west-2b"
            },
            "tags_all": {
              "Name": "TF-Project private-eu-west-2b"
            },
            "timeouts": null,
            "vpc_id": "vpc-02d7e673408f98520"
          },
          "sensitive_attributes": [],
          "private": "eyJlMmJmYjczMC1lY2FhLTExZTYtOGY4OC0zNDM2M2JjN2M0YzAiOnsiY3JlYXRlIjo2MDAwMDAwMDAwMDAsImRlbGV0ZSI6MTIwMDAwMDAwMDAwMH0sInNjaGVtYV92ZXJzaW9uIjoiMSJ9",
          "dependencies": [
            "module.Networking.aws_vpc.tf_project"
          ]
        },
        {
          "index_key": 2,
          "schema_version": 1,
          "attributes": {
            "arn": "arn:aws:ec2:eu-west-2:032970107781:subnet/subnet-078ca97025c87067c",
            "assign_ipv6_address_on_creation": false,
            "availability_zone": "eu-west-2c",
            "availability_zone_id": "euw2-az1",
            "cidr_block": "10.0.12.0/24",
            "customer_owned_ipv4_pool": "",
            "enable_dns64": false,
            "enable_lni_at_device_index": 0,
            "enable_resource_name_dns_a_record_on_launch": false,
            "enable_resource_name_dns_aaaa_record_on_launch": false,
            "id": "subnet-078ca97025c87067c",
            "ipv6_cidr_block": "",
            "ipv6_cidr_block_association_id": "",
            "ipv6_native": false,
            "map_customer_owned_ip_on_launch": false,
            "map_public_ip_on_launch": false,
            "outpost_arn": "",
            "owner_id": "032970107781",
            "private_dns_hostname_type_on_launch": "ip-name",
            "tags": {
              "Name": "TF-Project private-eu-west-2c"
            },
            "tags_all": {
              "Name": "TF-Project private-eu-west-2c"
            },
            "timeouts": null,
            "vpc_id": "vpc-02d7e673408f98520"
          },
          "sensitive_attributes": [],
          "private": "eyJlMmJmYjczMC1lY2FhLTExZTYtOGY4OC0zNDM2M2JjN2M0YzAiOnsiY3JlYXRlIjo2MDAwMDAwMDAwMDAsImRlbGV0ZSI6MTIwMDAwMDAwMDAwMH0sInNjaGVtYV92ZXJzaW9uIjoiMSJ9",
          "dependencies": [
            "module.Networking.aws_vpc.tf_project"
          ]
        }
      ]
    },
    {
      "module": "module.Networking",
      "mode": "managed",
      "type": "aws_subnet",
      "name": "public_subnets",
      "provider": "provider[\"registry.terraform.io/hashicorp/aws\"]",
      "instances": [
        {
          "index_key": 0,
          "schema_version": 1,
          "attributes": {
            "arn": "arn:aws:ec2:eu-west-2:032970107781:subnet/subnet-0bb7b92f96ca2a294",
            "assign_ipv6_address_on_creation": false,
            "availability_zone": "eu-west-2a",
            "availability_zone_id": "euw2-az2",
            "cidr_block": "10.0.7.0/24",
            "customer_owned_ipv4_pool": "",
            "enable_dns64": false,
            "enable_lni_at_device_index": 0,
            "enable_resource_name_dns_a_record_on_launch": false,
            "enable_resource_name_dns_aaaa_record_on_launch": false,
            "id": "subnet-0bb7b92f96ca2a294",
            "ipv6_cidr_block": "",
            "ipv6_cidr_block_association_id": "",
            "ipv6_native": false,
            "map_customer_owned_ip_on_launch": false,
            "map_public_ip_on_launch": false,
            "outpost_arn": "",
            "owner_id": "032970107781",
            "private_dns_hostname_type_on_launch": "ip-name",
            "tags": {
              "Name": "TF-Project public-eu-west-2a"
            },
            "tags_all": {
              "Name": "TF-Project public-eu-west-2a"
            },
            "timeouts": null,
            "vpc_id": "vpc-02d7e673408f98520"
          },
          "sensitive_attributes": [],
          "private": "eyJlMmJmYjczMC1lY2FhLTExZTYtOGY4OC0zNDM2M2JjN2M0YzAiOnsiY3JlYXRlIjo2MDAwMDAwMDAwMDAsImRlbGV0ZSI6MTIwMDAwMDAwMDAwMH0sInNjaGVtYV92ZXJzaW9uIjoiMSJ9",
          "dependencies": [
            "module.Networking.aws_vpc.tf_project"
          ]
        },
        {
          "index_key": 1,
          "schema_version": 1,
          "attributes": {
            "arn": "arn:aws:ec2:eu-west-2:032970107781:subnet/subnet-091db478e5e417cc5",
            "assign_ipv6_address_on_creation": false,
            "availability_zone": "eu-west-2b",
            "availability_zone_id": "euw2-az3",
            "cidr_block": "10.0.8.0/24",
            "customer_owned_ipv4_pool": "",
            "enable_dns64": false,
            "enable_lni_at_device_index": 0,
            "enable_resource_name_dns_a_record_on_launch": false,
            "enable_resource_name_dns_aaaa_record_on_launch": false,
            "id": "subnet-091db478e5e417cc5",
            "ipv6_cidr_block": "",
            "ipv6_cidr_block_association_id": "",
            "ipv6_native": false,
            "map_customer_owned_ip_on_launch": false,
            "map_public_ip_on_launch": false,
            "outpost_arn": "",
            "owner_id": "032970107781",
            "private_dns_hostname_type_on_launch": "ip-name",
            "tags": {
              "Name": "TF-Project public-eu-west-2b"
            },
            "tags_all": {
              "Name": "TF-Project public-eu-west-2b"
            },
            "timeouts": null,
            "vpc_id": "vpc-02d7e673408f98520"
          },
          "sensitive_attributes": [],
          "private": "eyJlMmJmYjczMC1lY2FhLTExZTYtOGY4OC0zNDM2M2JjN2M0YzAiOnsiY3JlYXRlIjo2MDAwMDAwMDAwMDAsImRlbGV0ZSI6MTIwMDAwMDAwMDAwMH0sInNjaGVtYV92ZXJzaW9uIjoiMSJ9",
          "dependencies": [
            "module.Networking.aws_vpc.tf_project"
          ]
        },
        {
          "index_key": 2,
          "schema_version": 1,
          "attributes": {
            "arn": "arn:aws:ec2:eu-west-2:032970107781:subnet/subnet-015bdf5c6fb3a4e33",
            "assign_ipv6_address_on_creation": false,
            "availability_zone": "eu-west-2c",
            "availability_zone_id": "euw2-az1",
            "cidr_block": "10.0.9.0/24",
            "customer_owned_ipv4_pool": "",
            "enable_dns64": false,
            "enable_lni_at_device_index": 0,
            "enable_resource_name_dns_a_record_on_launch": false,
            "enable_resource_name_dns_aaaa_record_on_launch": false,
            "id": "subnet-015bdf5c6fb3a4e33",
            "ipv6_cidr_block": "",
            "ipv6_cidr_block_association_id": "",
            "ipv6_native": false,
            "map_customer_owned_ip_on_launch": false,
            "map_public_ip_on_launch": false,
            "outpost_arn": "",
            "owner_id": "032970107781",
            "private_dns_hostname_type_on_launch": "ip-name",
            "tags": {
              "Name": "TF-Project public-eu-west-2c"
            },
            "tags_all": {
              "Name": "TF-Project public-eu-west-2c"
            },
            "timeouts": null,
            "vpc_id": "vpc-02d7e673408f98520"
          },
          "sensitive_attributes": [],
          "private": "eyJlMmJmYjczMC1lY2FhLTExZTYtOGY4OC0zNDM2M2JjN2M0YzAiOnsiY3JlYXRlIjo2MDAwMDAwMDAwMDAsImRlbGV0ZSI6MTIwMDAwMDAwMDAwMH0sInNjaGVtYV92ZXJzaW9uIjoiMSJ9",
          "dependencies": [
            "module.Networking.aws_vpc.tf_project"
          ]
        }
      ]
    },
    {
      "module": "module.Networking",
      "mode": "managed",
      "type": "aws_vpc",
      "name": "tf_project",
      "provider": "provider[\"registry.terraform.io/hashicorp/aws\"]",
      "instances": [
        {
          "schema_version": 1,
          "attributes": {
            "arn": "arn:aws:ec2:eu-west-2:032970107781:vpc/vpc-02d7e673408f98520",
            "assign_generated_ipv6_cidr_block": false,
            "cidr_block": "10.0.0.0/16",
            "default_network_acl_id": "acl-026e000b3fc8d1d14",
            "default_route_table_id": "rtb-05c9b7698e72067c9",
            "default_security_group_id": "sg-066939515712278ec",
            "dhcp_options_id": "dopt-0b6a4ac02972326f7",
            "enable_dns_hostnames": true,
            "enable_dns_support": true,
            "enable_network_address_usage_metrics": false,
            "id": "vpc-02d7e673408f98520",
            "instance_tenancy": "default",
            "ipv4_ipam_pool_id": null,
            "ipv4_netmask_length": null,
            "ipv6_association_id": "",
            "ipv6_cidr_block": "",
            "ipv6_cidr_block_network_border_group": "",
            "ipv6_ipam_pool_id": "",
            "ipv6_netmask_length": 0,
            "main_route_table_id": "rtb-05c9b7698e72067c9",
            "owner_id": "032970107781",
            "tags": {
              "Name": "Terraform Project"
            },
            "tags_all": {
              "Name": "Terraform Project"
            }
          },
          "sensitive_attributes": [],
          "private": "eyJzY2hlbWFfdmVyc2lvbiI6IjEifQ=="
        }
      ]
    },
    {
      "module": "module.Security",
      "mode": "data",
      "type": "http",
      "name": "myipaddr",
      "provider": "provider[\"registry.terraform.io/hashicorp/http\"]",
      "instances": [
        {
          "schema_version": 0,
          "attributes": {
            "body": "2.25.44.52\n",
            "ca_cert_pem": null,
            "id": "http://icanhazip.com",
            "insecure": null,
            "method": null,
            "request_body": null,
            "request_headers": null,
            "request_timeout_ms": null,
            "response_body": "2.25.44.52\n",
            "response_body_base64": "Mi4yNS40NC41Mgo=",
            "response_headers": {
              "Access-Control-Allow-Methods": "GET",
              "Access-Control-Allow-Origin": "*",
              "Alt-Svc": "h3=\":443\"; ma=86400",
              "Cf-Ray": "830547be7c25634c-LHR",
              "Connection": "keep-alive",
              "Content-Length": "11",
              "Content-Type": "text/plain",
              "Date": "Mon, 04 Dec 2023 16:03:34 GMT",
              "Server": "cloudflare",
              "Set-Cookie": "__cf_bm=BmC_rE9tL02woATUPZQ.mLVuSH4KnEe5xH_OScuApY0-1701705814-0-Afr6+/GIY/N5Z0y9a+YNO06RDErkUtaDv0zXcXBTL9tZRYSaIuoJGDl27A/tzgknao0r0Xz/a7xLcZEEXnMX/iM=; path=/; expires=Mon, 04-Dec-23 16:33:34 GMT; domain=.icanhazip.com; HttpOnly; SameSite=None",
              "Vary": "Accept-Encoding"
            },
            "retry": null,
            "status_code": 200,
            "url": "http://icanhazip.com"
          },
          "sensitive_attributes": []
        }
      ]
    },
    {
      "module": "module.Security",
      "mode": "managed",
      "type": "aws_security_group",
      "name": "app_server",
      "provider": "provider[\"registry.terraform.io/hashicorp/aws\"]",
      "instances": [
        {
          "schema_version": 1,
          "attributes": {
            "arn": "arn:aws:ec2:eu-west-2:032970107781:security-group/sg-04e62994d0f88e4c0",
            "description": "Project securt group",
            "egress": [
              {
                "cidr_blocks": [
                  "0.0.0.0/0"
                ],
                "description": "",
                "from_port": 0,
                "ipv6_cidr_blocks": [
                  "::/0"
                ],
                "prefix_list_ids": [],
                "protocol": "-1",
                "security_groups": [],
                "self": false,
                "to_port": 0
              }
            ],
            "id": "sg-04e62994d0f88e4c0",
            "ingress": [
              {
                "cidr_blocks": [
                  "0.0.0.0/0"
                ],
                "description": "",
                "from_port": 443,
                "ipv6_cidr_blocks": [
                  "::/0"
                ],
                "prefix_list_ids": [],
                "protocol": "tcp",
                "security_groups": [],
                "self": false,
                "to_port": 443
              },
              {
                "cidr_blocks": [
                  "0.0.0.0/0"
                ],
                "description": "",
                "from_port": 80,
                "ipv6_cidr_blocks": [
                  "::/0"
                ],
                "prefix_list_ids": [],
                "protocol": "tcp",
                "security_groups": [],
                "self": false,
                "to_port": 80
              },
              {
                "cidr_blocks": [
                  "2.25.44.52/32"
                ],
                "description": "",
                "from_port": 22,
                "ipv6_cidr_blocks": [],
                "prefix_list_ids": [],
                "protocol": "tcp",
                "security_groups": [],
                "self": false,
                "to_port": 22
              }
            ],
            "name": "TF-Project app_server SG",
            "name_prefix": "",
            "owner_id": "032970107781",
            "revoke_rules_on_delete": false,
            "tags": {},
            "tags_all": {},
            "timeouts": null,
            "vpc_id": "vpc-02d7e673408f98520"
          },
          "sensitive_attributes": [],
          "private": "eyJlMmJmYjczMC1lY2FhLTExZTYtOGY4OC0zNDM2M2JjN2M0YzAiOnsiY3JlYXRlIjo2MDAwMDAwMDAwMDAsImRlbGV0ZSI6OTAwMDAwMDAwMDAwfSwic2NoZW1hX3ZlcnNpb24iOiIxIn0=",
          "dependencies": [
            "module.Networking.aws_vpc.tf_project"
          ]
        }
      ]
    },
    {
      "module": "module.Security",
      "mode": "managed",
      "type": "aws_vpc_security_group_egress_rule",
      "name": "outgoing_ipv4",
      "provider": "provider[\"registry.terraform.io/hashicorp/aws\"]",
      "instances": [
        {
          "schema_version": 0,
          "attributes": {
            "arn": "arn:aws:ec2:eu-west-2:032970107781:security-group-rule/sgr-07f378bf2e2c1b7ac",
            "cidr_ipv4": "0.0.0.0/0",
            "cidr_ipv6": null,
            "description": null,
            "from_port": null,
            "id": "sgr-07f378bf2e2c1b7ac",
            "ip_protocol": "-1",
            "prefix_list_id": null,
            "referenced_security_group_id": null,
            "security_group_id": "sg-04e62994d0f88e4c0",
            "security_group_rule_id": "sgr-07f378bf2e2c1b7ac",
            "tags": null,
            "tags_all": {},
            "to_port": null
          },
          "sensitive_attributes": [],
          "dependencies": [
            "module.Networking.aws_vpc.tf_project",
            "module.Security.aws_security_group.app_server"
          ]
        }
      ]
    },
    {
      "module": "module.Security",
      "mode": "managed",
      "type": "aws_vpc_security_group_egress_rule",
      "name": "outgoing_ipv6",
      "provider": "provider[\"registry.terraform.io/hashicorp/aws\"]",
      "instances": [
        {
          "schema_version": 0,
          "attributes": {
            "arn": "arn:aws:ec2:eu-west-2:032970107781:security-group-rule/sgr-0ad1ac86250e1c6c1",
            "cidr_ipv4": null,
            "cidr_ipv6": "::/0",
            "description": null,
            "from_port": null,
            "id": "sgr-0ad1ac86250e1c6c1",
            "ip_protocol": "-1",
            "prefix_list_id": null,
            "referenced_security_group_id": null,
            "security_group_id": "sg-04e62994d0f88e4c0",
            "security_group_rule_id": "sgr-0ad1ac86250e1c6c1",
            "tags": null,
            "tags_all": {},
            "to_port": null
          },
          "sensitive_attributes": [],
          "dependencies": [
            "module.Networking.aws_vpc.tf_project",
            "module.Security.aws_security_group.app_server"
          ]
        }
      ]
    },
    {
      "module": "module.Security",
      "mode": "managed",
      "type": "aws_vpc_security_group_ingress_rule",
      "name": "allow_http_ipv6",
      "provider": "provider[\"registry.terraform.io/hashicorp/aws\"]",
      "instances": [
        {
          "schema_version": 0,
          "attributes": {
            "arn": "arn:aws:ec2:eu-west-2:032970107781:security-group-rule/sgr-0b53919089e8effc4",
            "cidr_ipv4": null,
            "cidr_ipv6": "::/0",
            "description": null,
            "from_port": 80,
            "id": "sgr-0b53919089e8effc4",
            "ip_protocol": "tcp",
            "prefix_list_id": null,
            "referenced_security_group_id": null,
            "security_group_id": "sg-04e62994d0f88e4c0",
            "security_group_rule_id": "sgr-0b53919089e8effc4",
            "tags": null,
            "tags_all": {},
            "to_port": 80
          },
          "sensitive_attributes": [],
          "dependencies": [
            "module.Networking.aws_vpc.tf_project",
            "module.Security.aws_security_group.app_server"
          ]
        }
      ]
    },
    {
      "module": "module.Security",
      "mode": "managed",
      "type": "aws_vpc_security_group_ingress_rule",
      "name": "http_ipv4",
      "provider": "provider[\"registry.terraform.io/hashicorp/aws\"]",
      "instances": [
        {
          "schema_version": 0,
          "attributes": {
            "arn": "arn:aws:ec2:eu-west-2:032970107781:security-group-rule/sgr-05aeb7095c8765d0e",
            "cidr_ipv4": "0.0.0.0/0",
            "cidr_ipv6": null,
            "description": null,
            "from_port": 80,
            "id": "sgr-05aeb7095c8765d0e",
            "ip_protocol": "tcp",
            "prefix_list_id": null,
            "referenced_security_group_id": null,
            "security_group_id": "sg-04e62994d0f88e4c0",
            "security_group_rule_id": "sgr-05aeb7095c8765d0e",
            "tags": null,
            "tags_all": {},
            "to_port": 80
          },
          "sensitive_attributes": [],
          "dependencies": [
            "module.Networking.aws_vpc.tf_project",
            "module.Security.aws_security_group.app_server"
          ]
        }
      ]
    },
    {
      "module": "module.Security",
      "mode": "managed",
      "type": "aws_vpc_security_group_ingress_rule",
      "name": "https_ipv4_ipv4",
      "provider": "provider[\"registry.terraform.io/hashicorp/aws\"]",
      "instances": [
        {
          "schema_version": 0,
          "attributes": {
            "arn": "arn:aws:ec2:eu-west-2:032970107781:security-group-rule/sgr-0bafbba2401eb01f2",
            "cidr_ipv4": "0.0.0.0/0",
            "cidr_ipv6": null,
            "description": null,
            "from_port": 443,
            "id": "sgr-0bafbba2401eb01f2",
            "ip_protocol": "tcp",
            "prefix_list_id": null,
            "referenced_security_group_id": null,
            "security_group_id": "sg-04e62994d0f88e4c0",
            "security_group_rule_id": "sgr-0bafbba2401eb01f2",
            "tags": null,
            "tags_all": {},
            "to_port": 443
          },
          "sensitive_attributes": [],
          "dependencies": [
            "module.Networking.aws_vpc.tf_project",
            "module.Security.aws_security_group.app_server"
          ]
        }
      ]
    },
    {
      "module": "module.Security",
      "mode": "managed",
      "type": "aws_vpc_security_group_ingress_rule",
      "name": "https_ipv6",
      "provider": "provider[\"registry.terraform.io/hashicorp/aws\"]",
      "instances": [
        {
          "schema_version": 0,
          "attributes": {
            "arn": "arn:aws:ec2:eu-west-2:032970107781:security-group-rule/sgr-0a6002c233ea5f9b8",
            "cidr_ipv4": null,
            "cidr_ipv6": "::/0",
            "description": null,
            "from_port": 443,
            "id": "sgr-0a6002c233ea5f9b8",
            "ip_protocol": "tcp",
            "prefix_list_id": null,
            "referenced_security_group_id": null,
            "security_group_id": "sg-04e62994d0f88e4c0",
            "security_group_rule_id": "sgr-0a6002c233ea5f9b8",
            "tags": null,
            "tags_all": {},
            "to_port": 443
          },
          "sensitive_attributes": [],
          "dependencies": [
            "module.Networking.aws_vpc.tf_project",
            "module.Security.aws_security_group.app_server"
          ]
        }
      ]
    },
    {
      "module": "module.Security",
      "mode": "managed",
      "type": "aws_vpc_security_group_ingress_rule",
      "name": "ssh",
      "provider": "provider[\"registry.terraform.io/hashicorp/aws\"]",
      "instances": [
        {
          "schema_version": 0,
          "attributes": {
            "arn": "arn:aws:ec2:eu-west-2:032970107781:security-group-rule/sgr-0c459881ae532087b",
            "cidr_ipv4": "2.25.44.52/32",
            "cidr_ipv6": null,
            "description": null,
            "from_port": 22,
            "id": "sgr-0c459881ae532087b",
            "ip_protocol": "tcp",
            "prefix_list_id": null,
            "referenced_security_group_id": null,
            "security_group_id": "sg-04e62994d0f88e4c0",
            "security_group_rule_id": "sgr-0c459881ae532087b",
            "tags": null,
            "tags_all": {},
            "to_port": 22
          },
          "sensitive_attributes": [],
          "dependencies": [
            "module.Networking.aws_vpc.tf_project",
            "module.Security.aws_security_group.app_server",
            "module.Security.data.http.myipaddr"
          ]
        }
      ]
    }
  ],
  "check_results": null
}
